# This file is autogenerated, do not edit; changes may be undone by the next 'dep ensure'.


[[projects]]
  name = "github.com/docktermj/go-logger"
  packages = ["logger"]
  revision = "ca550aca93f91a094ed896e4619d3f2a69a95f71"
  version = "1.0.3"

[[projects]]
  name = "github.com/docopt/docopt-go"
  packages = ["."]
  revision = "784ddc588536785e7299f7272f39101f7faccc3f"
  version = "0.6.2"

[[projects]]
  branch = "master"
  name = "github.com/karlkfi/inject"
  packages = ["."]
  revision = "27c5323a07f81a37802552bb0734fc4bb649aaa1"

[solve-meta]
  analyzer-name = "dep"
  analyzer-version = 1
  inputs-digest = "7ea40198ae94a9661a060b90946562c5b1298adc3da790233c9468a33cd26235"
  solver-name = "gps-cdcl"
  solver-version = 1
