# This file is autogenerated, do not edit; changes may be undone by the next 'dep ensure'.


[[projects]]
  name = "github.com/docktermj/go-logger"
  packages = ["logger"]
  revision = "ca550aca93f91a094ed896e4619d3f2a69a95f71"
  version = "1.0.3"

[[projects]]
  name = "github.com/docopt/docopt-go"
  packages = ["."]
  revision = "784ddc588536785e7299f7272f39101f7faccc3f"
  version = "0.6.2"

[solve-meta]
  analyzer-name = "dep"
  analyzer-version = 1
  inputs-digest = "8032730a489f40fefabc402666e04e21a9c99c6cbed92c71ee4ed6bf7ac741fe"
  solver-name = "gps-cdcl"
  solver-version = 1
